
Microsoft Visual Studio Solution File, Format Version 12.00
# Visual Studio Version 16
VisualStudioVersion = 16.0.30114.105
MinimumVisualStudioVersion = 10.0.40219.1
Project("{FAE04EC0-301F-11D3-BF4B-00C04F79EFBC}") = "Problem2", "Problem2\Problem2.csproj", "{2C3AD45F-CFEC-4DC8-96E8-D8AF83046B6D}"
EndProject
Project("{FAE04EC0-301F-11D3-BF4B-00C04F79EFBC}") = "Problem3", "Problem3\Problem3.csproj", "{1A0749ED-F018-4944-9AE0-4C11E196CEC4}"
EndProject
Project("{FAE04EC0-301F-11D3-BF4B-00C04F79EFBC}") = "Problem4", "Problem4\Problem4.csproj", "{BAF8263C-FE60-409C-B283-066BD3BAD435}"
EndProject
Project("{FAE04EC0-301F-11D3-BF4B-00C04F79EFBC}") = "Problem5", "Problem5\Problem5.csproj", "{4D441F52-99AB-4B3F-8363-251E43DDAC70}"
EndProject
Project("{FAE04EC0-301F-11D3-BF4B-00C04F79EFBC}") = "Problem6", "Problem6\Problem6.csproj", "{13FB3207-0FE2-4F16-85DE-21C48981A24F}"
EndProject
Project("{FAE04EC0-301F-11D3-BF4B-00C04F79EFBC}") = "Problem1", "Problem1\Problem1.csproj", "{4EA38442-434D-4577-BBEF-35B59CE87332}"
EndProject
Global
	GlobalSection(SolutionConfigurationPlatforms) = preSolution
		Debug|Any CPU = Debug|Any CPU
		Debug|x64 = Debug|x64
		Debug|x86 = Debug|x86
		Release|Any CPU = Release|Any CPU
		Release|x64 = Release|x64
		Release|x86 = Release|x86
	EndGlobalSection
	GlobalSection(SolutionProperties) = preSolution
		HideSolutionNode = FALSE
	EndGlobalSection
	GlobalSection(ProjectConfigurationPlatforms) = postSolution
		{2C3AD45F-CFEC-4DC8-96E8-D8AF83046B6D}.Debug|Any CPU.ActiveCfg = Debug|Any CPU
		{2C3AD45F-CFEC-4DC8-96E8-D8AF83046B6D}.Debug|Any CPU.Build.0 = Debug|Any CPU
		{2C3AD45F-CFEC-4DC8-96E8-D8AF83046B6D}.Debug|x64.ActiveCfg = Debug|Any CPU
		{2C3AD45F-CFEC-4DC8-96E8-D8AF83046B6D}.Debug|x64.Build.0 = Debug|Any CPU
		{2C3AD45F-CFEC-4DC8-96E8-D8AF83046B6D}.Debug|x86.ActiveCfg = Debug|Any CPU
		{2C3AD45F-CFEC-4DC8-96E8-D8AF83046B6D}.Debug|x86.Build.0 = Debug|Any CPU
		{2C3AD45F-CFEC-4DC8-96E8-D8AF83046B6D}.Release|Any CPU.ActiveCfg = Release|Any CPU
		{2C3AD45F-CFEC-4DC8-96E8-D8AF83046B6D}.Release|Any CPU.Build.0 = Release|Any CPU
		{2C3AD45F-CFEC-4DC8-96E8-D8AF83046B6D}.Release|x64.ActiveCfg = Release|Any CPU
		{2C3AD45F-CFEC-4DC8-96E8-D8AF83046B6D}.Release|x64.Build.0 = Release|Any CPU
		{2C3AD45F-CFEC-4DC8-96E8-D8AF83046B6D}.Release|x86.ActiveCfg = Release|Any CPU
		{2C3AD45F-CFEC-4DC8-96E8-D8AF83046B6D}.Release|x86.Build.0 = Release|Any CPU
		{1A0749ED-F018-4944-9AE0-4C11E196CEC4}.Debug|Any CPU.ActiveCfg = Debug|Any CPU
		{1A0749ED-F018-4944-9AE0-4C11E196CEC4}.Debug|Any CPU.Build.0 = Debug|Any CPU
		{1A0749ED-F018-4944-9AE0-4C11E196CEC4}.Debug|x64.ActiveCfg = Debug|Any CPU
		{1A0749ED-F018-4944-9AE0-4C11E196CEC4}.Debug|x64.Build.0 = Debug|Any CPU
		{1A0749ED-F018-4944-9AE0-4C11E196CEC4}.Debug|x86.ActiveCfg = Debug|Any CPU
		{1A0749ED-F018-4944-9AE0-4C11E196CEC4}.Debug|x86.Build.0 = Debug|Any CPU
		{1A0749ED-F018-4944-9AE0-4C11E196CEC4}.Release|Any CPU.ActiveCfg = Release|Any CPU
		{1A0749ED-F018-4944-9AE0-4C11E196CEC4}.Release|Any CPU.Build.0 = Release|Any CPU
		{1A0749ED-F018-4944-9AE0-4C11E196CEC4}.Release|x64.ActiveCfg = Release|Any CPU
		{1A0749ED-F018-4944-9AE0-4C11E196CEC4}.Release|x64.Build.0 = Release|Any CPU
		{1A0749ED-F018-4944-9AE0-4C11E196CEC4}.Release|x86.ActiveCfg = Release|Any CPU
		{1A0749ED-F018-4944-9AE0-4C11E196CEC4}.Release|x86.Build.0 = Release|Any CPU
		{BAF8263C-FE60-409C-B283-066BD3BAD435}.Debug|Any CPU.ActiveCfg = Debug|Any CPU
		{BAF8263C-FE60-409C-B283-066BD3BAD435}.Debug|Any CPU.Build.0 = Debug|Any CPU
		{BAF8263C-FE60-409C-B283-066BD3BAD435}.Debug|x64.ActiveCfg = Debug|Any CPU
		{BAF8263C-FE60-409C-B283-066BD3BAD435}.Debug|x64.Build.0 = Debug|Any CPU
		{BAF8263C-FE60-409C-B283-066BD3BAD435}.Debug|x86.ActiveCfg = Debug|Any CPU
		{BAF8263C-FE60-409C-B283-066BD3BAD435}.Debug|x86.Build.0 = Debug|Any CPU
		{BAF8263C-FE60-409C-B283-066BD3BAD435}.Release|Any CPU.ActiveCfg = Release|Any CPU
		{BAF8263C-FE60-409C-B283-066BD3BAD435}.Release|Any CPU.Build.0 = Release|Any CPU
		{BAF8263C-FE60-409C-B283-066BD3BAD435}.Release|x64.ActiveCfg = Release|Any CPU
		{BAF8263C-FE60-409C-B283-066BD3BAD435}.Release|x64.Build.0 = Release|Any CPU
		{BAF8263C-FE60-409C-B283-066BD3BAD435}.Release|x86.ActiveCfg = Release|Any CPU
		{BAF8263C-FE60-409C-B283-066BD3BAD435}.Release|x86.Build.0 = Release|Any CPU
		{4D441F52-99AB-4B3F-8363-251E43DDAC70}.Debug|Any CPU.ActiveCfg = Debug|Any CPU
		{4D441F52-99AB-4B3F-8363-251E43DDAC70}.Debug|Any CPU.Build.0 = Debug|Any CPU
		{4D441F52-99AB-4B3F-8363-251E43DDAC70}.Debug|x64.ActiveCfg = Debug|Any CPU
		{4D441F52-99AB-4B3F-8363-251E43DDAC70}.Debug|x64.Build.0 = Debug|Any CPU
		{4D441F52-99AB-4B3F-8363-251E43DDAC70}.Debug|x86.ActiveCfg = Debug|Any CPU
		{4D441F52-99AB-4B3F-8363-251E43DDAC70}.Debug|x86.Build.0 = Debug|Any CPU
		{4D441F52-99AB-4B3F-8363-251E43DDAC70}.Release|Any CPU.ActiveCfg = Release|Any CPU
		{4D441F52-99AB-4B3F-8363-251E43DDAC70}.Release|Any CPU.Build.0 = Release|Any CPU
		{4D441F52-99AB-4B3F-8363-251E43DDAC70}.Release|x64.ActiveCfg = Release|Any CPU
		{4D441F52-99AB-4B3F-8363-251E43DDAC70}.Release|x64.Build.0 = Release|Any CPU
		{4D441F52-99AB-4B3F-8363-251E43DDAC70}.Release|x86.ActiveCfg = Release|Any CPU
		{4D441F52-99AB-4B3F-8363-251E43DDAC70}.Release|x86.Build.0 = Release|Any CPU
		{13FB3207-0FE2-4F16-85DE-21C48981A24F}.Debug|Any CPU.ActiveCfg = Debug|Any CPU
		{13FB3207-0FE2-4F16-85DE-21C48981A24F}.Debug|Any CPU.Build.0 = Debug|Any CPU
		{13FB3207-0FE2-4F16-85DE-21C48981A24F}.Debug|x64.ActiveCfg = Debug|Any CPU
		{13FB3207-0FE2-4F16-85DE-21C48981A24F}.Debug|x64.Build.0 = Debug|Any CPU
		{13FB3207-0FE2-4F16-85DE-21C48981A24F}.Debug|x86.ActiveCfg = Debug|Any CPU
		{13FB3207-0FE2-4F16-85DE-21C48981A24F}.Debug|x86.Build.0 = Debug|Any CPU
		{13FB3207-0FE2-4F16-85DE-21C48981A24F}.Release|Any CPU.ActiveCfg = Release|Any CPU
		{13FB3207-0FE2-4F16-85DE-21C48981A24F}.Release|Any CPU.Build.0 = Release|Any CPU
		{13FB3207-0FE2-4F16-85DE-21C48981A24F}.Release|x64.ActiveCfg = Release|Any CPU
		{13FB3207-0FE2-4F16-85DE-21C48981A24F}.Release|x64.Build.0 = Release|Any CPU
		{13FB3207-0FE2-4F16-85DE-21C48981A24F}.Release|x86.ActiveCfg = Release|Any CPU
		{13FB3207-0FE2-4F16-85DE-21C48981A24F}.Release|x86.Build.0 = Release|Any CPU
		{4EA38442-434D-4577-BBEF-35B59CE87332}.Debug|Any CPU.ActiveCfg = Debug|Any CPU
		{4EA38442-434D-4577-BBEF-35B59CE87332}.Debug|Any CPU.Build.0 = Debug|Any CPU
		{4EA38442-434D-4577-BBEF-35B59CE87332}.Debug|x64.ActiveCfg = Debug|Any CPU
		{4EA38442-434D-4577-BBEF-35B59CE87332}.Debug|x64.Build.0 = Debug|Any CPU
		{4EA38442-434D-4577-BBEF-35B59CE87332}.Debug|x86.ActiveCfg = Debug|Any CPU
		{4EA38442-434D-4577-BBEF-35B59CE87332}.Debug|x86.Build.0 = Debug|Any CPU
		{4EA38442-434D-4577-BBEF-35B59CE87332}.Release|Any CPU.ActiveCfg = Release|Any CPU
		{4EA38442-434D-4577-BBEF-35B59CE87332}.Release|Any CPU.Build.0 = Release|Any CPU
		{4EA38442-434D-4577-BBEF-35B59CE87332}.Release|x64.ActiveCfg = Release|Any CPU
		{4EA38442-434D-4577-BBEF-35B59CE87332}.Release|x64.Build.0 = Release|Any CPU
		{4EA38442-434D-4577-BBEF-35B59CE87332}.Release|x86.ActiveCfg = Release|Any CPU
		{4EA38442-434D-4577-BBEF-35B59CE87332}.Release|x86.Build.0 = Release|Any CPU
	EndGlobalSection
EndGlobal
